apiVersion: vendir.k14s.io/v1alpha1
directories:
- contents:
  - git:
      commitTitle: 'Merge pull request #6 from GaloyMoney/chore--update-cachix-flakes-img...'
      sha: f9f82f114aa5b9c50b999309e09c5eb2fcf54281
    path: .
  path: ../.github/workflows/vendor
- contents:
  - git:
      commitTitle: 'Merge pull request #21 from GaloyMoney/fix/fuzz-script-path...'
      sha: 4c9071ebc13e88282dc8c8924a52bc1c9d8b05cc
    path: .
  path: vendor
kind: LockConfig
